
Microsoft Visual Studio Solution File, Format Version 12.00
# Visual Studio Version 16
VisualStudioVersion = 16.0.31729.503
MinimumVisualStudioVersion = 10.0.40219.1
Project("{9A19103F-16F7-4668-BE54-9A1E7A4F7556}") = "BooksApi", "BooksApi\BooksApi.csproj", "{7EA20271-1671-4341-A248-6415B86BA8FB}"
	ProjectSection(ProjectDependencies) = postProject
		{AD30EC51-B160-44D0-A9EA-B904F8C1B4BC} = {AD30EC51-B160-44D0-A9EA-B904F8C1B4BC}
		{EBD1AE93-72B0-435B-810F-8F9549F0F183} = {EBD1AE93-72B0-435B-810F-8F9549F0F183}
	EndProjectSection
EndProject
Project("{9A19103F-16F7-4668-BE54-9A1E7A4F7556}") = "BooksApi.Domain", "Domain\BooksApi.Domain.csproj", "{AD30EC51-B160-44D0-A9EA-B904F8C1B4BC}"
EndProject
Project("{9A19103F-16F7-4668-BE54-9A1E7A4F7556}") = "BooksApi.Infraestructure", "BooksApi.Infra\BooksApi.Infraestructure.csproj", "{EBD1AE93-72B0-435B-810F-8F9549F0F183}"
EndProject
Project("{2150E333-8FDC-42A3-9474-1A3956D46DE8}") = "BooksApi.Domain", "BooksApi.Domain", "{743177C6-889F-4C9C-B8AB-1D51AB613771}"
EndProject
Project("{2150E333-8FDC-42A3-9474-1A3956D46DE8}") = "BooksApi.Infraestructure", "BooksApi.Infraestructure", "{A55DF551-3420-44B3-B207-2485A5FED78D}"
EndProject
Project("{2150E333-8FDC-42A3-9474-1A3956D46DE8}") = "BooksApi.Application", "BooksApi.Application", "{8ABBB853-5D68-4EF7-8205-C34D80967D6F}"
EndProject
Project("{2150E333-8FDC-42A3-9474-1A3956D46DE8}") = "BooksApi.Test", "BooksApi.Test", "{54D51C01-0E6D-4246-A756-EE27FF8BD339}"
EndProject
Project("{9A19103F-16F7-4668-BE54-9A1E7A4F7556}") = "BooksApi.Infraestructure.Test", "BooksApi.Test\BooksApi.Infraestructure.Test.csproj", "{6C8655AA-7B32-44A3-90A4-597CF485E4B0}"
EndProject
Global
	GlobalSection(SolutionConfigurationPlatforms) = preSolution
		Debug|Any CPU = Debug|Any CPU
		Release|Any CPU = Release|Any CPU
	EndGlobalSection
	GlobalSection(ProjectConfigurationPlatforms) = postSolution
		{7EA20271-1671-4341-A248-6415B86BA8FB}.Debug|Any CPU.ActiveCfg = Debug|Any CPU
		{7EA20271-1671-4341-A248-6415B86BA8FB}.Debug|Any CPU.Build.0 = Debug|Any CPU
		{7EA20271-1671-4341-A248-6415B86BA8FB}.Release|Any CPU.ActiveCfg = Release|Any CPU
		{7EA20271-1671-4341-A248-6415B86BA8FB}.Release|Any CPU.Build.0 = Release|Any CPU
		{AD30EC51-B160-44D0-A9EA-B904F8C1B4BC}.Debug|Any CPU.ActiveCfg = Debug|Any CPU
		{AD30EC51-B160-44D0-A9EA-B904F8C1B4BC}.Debug|Any CPU.Build.0 = Debug|Any CPU
		{AD30EC51-B160-44D0-A9EA-B904F8C1B4BC}.Release|Any CPU.ActiveCfg = Release|Any CPU
		{AD30EC51-B160-44D0-A9EA-B904F8C1B4BC}.Release|Any CPU.Build.0 = Release|Any CPU
		{EBD1AE93-72B0-435B-810F-8F9549F0F183}.Debug|Any CPU.ActiveCfg = Debug|Any CPU
		{EBD1AE93-72B0-435B-810F-8F9549F0F183}.Debug|Any CPU.Build.0 = Debug|Any CPU
		{EBD1AE93-72B0-435B-810F-8F9549F0F183}.Release|Any CPU.ActiveCfg = Release|Any CPU
		{EBD1AE93-72B0-435B-810F-8F9549F0F183}.Release|Any CPU.Build.0 = Release|Any CPU
		{6C8655AA-7B32-44A3-90A4-597CF485E4B0}.Debug|Any CPU.ActiveCfg = Debug|Any CPU
		{6C8655AA-7B32-44A3-90A4-597CF485E4B0}.Debug|Any CPU.Build.0 = Debug|Any CPU
		{6C8655AA-7B32-44A3-90A4-597CF485E4B0}.Release|Any CPU.ActiveCfg = Release|Any CPU
		{6C8655AA-7B32-44A3-90A4-597CF485E4B0}.Release|Any CPU.Build.0 = Release|Any CPU
	EndGlobalSection
	GlobalSection(SolutionProperties) = preSolution
		HideSolutionNode = FALSE
	EndGlobalSection
	GlobalSection(NestedProjects) = preSolution
		{7EA20271-1671-4341-A248-6415B86BA8FB} = {8ABBB853-5D68-4EF7-8205-C34D80967D6F}
		{AD30EC51-B160-44D0-A9EA-B904F8C1B4BC} = {743177C6-889F-4C9C-B8AB-1D51AB613771}
		{EBD1AE93-72B0-435B-810F-8F9549F0F183} = {A55DF551-3420-44B3-B207-2485A5FED78D}
		{6C8655AA-7B32-44A3-90A4-597CF485E4B0} = {54D51C01-0E6D-4246-A756-EE27FF8BD339}
	EndGlobalSection
	GlobalSection(ExtensibilityGlobals) = postSolution
		SolutionGuid = {9A36454C-8FBA-4C43-8549-826C670DE397}
	EndGlobalSection
EndGlobal
